
Microsoft Visual Studio Solution File, Format Version 12.00
# Visual Studio Version 17
VisualStudioVersion = 17.10.35201.131
MinimumVisualStudioVersion = 10.0.40219.1
Project("{9A19103F-16F7-4668-BE54-9A1E7A4F7556}") = "Todo", "Todo.csproj", "{9CDF5422-15EC-405D-8CC2-3069A74C24C3}"
EndProject
Project("{9A19103F-16F7-4668-BE54-9A1E7A4F7556}") = "Todo.API", "..\Todo.API\Todo.API.csproj", "{7E434544-9A0E-4E51-BB2C-4DC89B234346}"
EndProject
Project("{9A19103F-16F7-4668-BE54-9A1E7A4F7556}") = "Todo.Shared", "..\Todo.Shared\Todo.Shared.csproj", "{67DFA757-E473-4E83-A06D-BFA37ADC9E26}"
EndProject
Project("{2150E333-8FDC-42A3-9474-1A3956D46DE8}") = "Common", "Common", "{173D0D04-2D38-4CB0-9070-8DB3BDA13F26}"
EndProject
Project("{2150E333-8FDC-42A3-9474-1A3956D46DE8}") = "Service", "Service", "{BC30F59C-900D-46B9-A52B-66928F1140AA}"
EndProject
Project("{2150E333-8FDC-42A3-9474-1A3956D46DE8}") = "ORM", "ORM", "{31300407-C841-4734-8FA8-6DC9B1996202}"
EndProject
Project("{9A19103F-16F7-4668-BE54-9A1E7A4F7556}") = "Todo.Base", "..\Todo.Base\Todo.Base.csproj", "{8027B395-C03F-4FF6-B8D7-5B63BACFC95C}"
EndProject
Project("{9A19103F-16F7-4668-BE54-9A1E7A4F7556}") = "Todo.Entity", "..\Todo.Entity\Todo.Entity.csproj", "{02C9139E-68BF-4549-A213-129D48741302}"
EndProject
Project("{9A19103F-16F7-4668-BE54-9A1E7A4F7556}") = "Todo.Models", "..\Todo.Models\Todo.Models.csproj", "{C3C5A052-F5C6-448A-973F-A2C9A500FF48}"
EndProject
Project("{9A19103F-16F7-4668-BE54-9A1E7A4F7556}") = "Todo.IService", "..\Todo.IService\Todo.IService.csproj", "{A0504184-88AF-405F-B25B-66C04C907DC3}"
EndProject
Project("{9A19103F-16F7-4668-BE54-9A1E7A4F7556}") = "Todo.Service", "..\Todo.Service\Todo.Service.csproj", "{B978DB41-FC8F-45B7-881E-28665C3CD35A}"
EndProject
Global
	GlobalSection(SolutionConfigurationPlatforms) = preSolution
		Debug|Any CPU = Debug|Any CPU
		Release|Any CPU = Release|Any CPU
	EndGlobalSection
	GlobalSection(ProjectConfigurationPlatforms) = postSolution
		{9CDF5422-15EC-405D-8CC2-3069A74C24C3}.Debug|Any CPU.ActiveCfg = Debug|Any CPU
		{9CDF5422-15EC-405D-8CC2-3069A74C24C3}.Debug|Any CPU.Build.0 = Debug|Any CPU
		{9CDF5422-15EC-405D-8CC2-3069A74C24C3}.Release|Any CPU.ActiveCfg = Release|Any CPU
		{9CDF5422-15EC-405D-8CC2-3069A74C24C3}.Release|Any CPU.Build.0 = Release|Any CPU
		{7E434544-9A0E-4E51-BB2C-4DC89B234346}.Debug|Any CPU.ActiveCfg = Debug|Any CPU
		{7E434544-9A0E-4E51-BB2C-4DC89B234346}.Debug|Any CPU.Build.0 = Debug|Any CPU
		{7E434544-9A0E-4E51-BB2C-4DC89B234346}.Release|Any CPU.ActiveCfg = Release|Any CPU
		{7E434544-9A0E-4E51-BB2C-4DC89B234346}.Release|Any CPU.Build.0 = Release|Any CPU
		{67DFA757-E473-4E83-A06D-BFA37ADC9E26}.Debug|Any CPU.ActiveCfg = Debug|Any CPU
		{67DFA757-E473-4E83-A06D-BFA37ADC9E26}.Debug|Any CPU.Build.0 = Debug|Any CPU
		{67DFA757-E473-4E83-A06D-BFA37ADC9E26}.Release|Any CPU.ActiveCfg = Release|Any CPU
		{67DFA757-E473-4E83-A06D-BFA37ADC9E26}.Release|Any CPU.Build.0 = Release|Any CPU
		{8027B395-C03F-4FF6-B8D7-5B63BACFC95C}.Debug|Any CPU.ActiveCfg = Debug|Any CPU
		{8027B395-C03F-4FF6-B8D7-5B63BACFC95C}.Debug|Any CPU.Build.0 = Debug|Any CPU
		{8027B395-C03F-4FF6-B8D7-5B63BACFC95C}.Release|Any CPU.ActiveCfg = Release|Any CPU
		{8027B395-C03F-4FF6-B8D7-5B63BACFC95C}.Release|Any CPU.Build.0 = Release|Any CPU
		{02C9139E-68BF-4549-A213-129D48741302}.Debug|Any CPU.ActiveCfg = Debug|Any CPU
		{02C9139E-68BF-4549-A213-129D48741302}.Debug|Any CPU.Build.0 = Debug|Any CPU
		{02C9139E-68BF-4549-A213-129D48741302}.Release|Any CPU.ActiveCfg = Release|Any CPU
		{02C9139E-68BF-4549-A213-129D48741302}.Release|Any CPU.Build.0 = Release|Any CPU
		{C3C5A052-F5C6-448A-973F-A2C9A500FF48}.Debug|Any CPU.ActiveCfg = Debug|Any CPU
		{C3C5A052-F5C6-448A-973F-A2C9A500FF48}.Debug|Any CPU.Build.0 = Debug|Any CPU
		{C3C5A052-F5C6-448A-973F-A2C9A500FF48}.Release|Any CPU.ActiveCfg = Release|Any CPU
		{C3C5A052-F5C6-448A-973F-A2C9A500FF48}.Release|Any CPU.Build.0 = Release|Any CPU
		{A0504184-88AF-405F-B25B-66C04C907DC3}.Debug|Any CPU.ActiveCfg = Debug|Any CPU
		{A0504184-88AF-405F-B25B-66C04C907DC3}.Debug|Any CPU.Build.0 = Debug|Any CPU
		{A0504184-88AF-405F-B25B-66C04C907DC3}.Release|Any CPU.ActiveCfg = Release|Any CPU
		{A0504184-88AF-405F-B25B-66C04C907DC3}.Release|Any CPU.Build.0 = Release|Any CPU
		{B978DB41-FC8F-45B7-881E-28665C3CD35A}.Debug|Any CPU.ActiveCfg = Debug|Any CPU
		{B978DB41-FC8F-45B7-881E-28665C3CD35A}.Debug|Any CPU.Build.0 = Debug|Any CPU
		{B978DB41-FC8F-45B7-881E-28665C3CD35A}.Release|Any CPU.ActiveCfg = Release|Any CPU
		{B978DB41-FC8F-45B7-881E-28665C3CD35A}.Release|Any CPU.Build.0 = Release|Any CPU
	EndGlobalSection
	GlobalSection(SolutionProperties) = preSolution
		HideSolutionNode = FALSE
	EndGlobalSection
	GlobalSection(NestedProjects) = preSolution
		{8027B395-C03F-4FF6-B8D7-5B63BACFC95C} = {173D0D04-2D38-4CB0-9070-8DB3BDA13F26}
		{02C9139E-68BF-4549-A213-129D48741302} = {31300407-C841-4734-8FA8-6DC9B1996202}
		{C3C5A052-F5C6-448A-973F-A2C9A500FF48} = {31300407-C841-4734-8FA8-6DC9B1996202}
		{A0504184-88AF-405F-B25B-66C04C907DC3} = {BC30F59C-900D-46B9-A52B-66928F1140AA}
		{B978DB41-FC8F-45B7-881E-28665C3CD35A} = {BC30F59C-900D-46B9-A52B-66928F1140AA}
	EndGlobalSection
	GlobalSection(ExtensibilityGlobals) = postSolution
		SolutionGuid = {8F6138FF-AAF3-436C-B339-D46E5F330680}
	EndGlobalSection
EndGlobal
