
Microsoft Visual Studio Solution File, Format Version 12.00
# Visual Studio Version 17
VisualStudioVersion = 17.10.35201.131
MinimumVisualStudioVersion = 10.0.40219.1
Project("{9A19103F-16F7-4668-BE54-9A1E7A4F7556}") = "Todo", "Todo.csproj", "{9CDF5422-15EC-405D-8CC2-3069A74C24C3}"
EndProject
Project("{9A19103F-16F7-4668-BE54-9A1E7A4F7556}") = "Todo.API", "..\Todo.API\Todo.API.csproj", "{7E434544-9A0E-4E51-BB2C-4DC89B234346}"
EndProject
Project("{FAE04EC0-301F-11D3-BF4B-00C04F79EFBC}") = "Todo.Shared", "..\Todo.Shared\Todo.Shared.csproj", "{BC9600DB-0C71-41AF-ADBE-27CA9A5E5D9E}"
EndProject
Global
	GlobalSection(SolutionConfigurationPlatforms) = preSolution
		Debug|Any CPU = Debug|Any CPU
		Release|Any CPU = Release|Any CPU
	EndGlobalSection
	GlobalSection(ProjectConfigurationPlatforms) = postSolution
		{9CDF5422-15EC-405D-8CC2-3069A74C24C3}.Debug|Any CPU.ActiveCfg = Debug|Any CPU
		{9CDF5422-15EC-405D-8CC2-3069A74C24C3}.Debug|Any CPU.Build.0 = Debug|Any CPU
		{9CDF5422-15EC-405D-8CC2-3069A74C24C3}.Release|Any CPU.ActiveCfg = Release|Any CPU
		{9CDF5422-15EC-405D-8CC2-3069A74C24C3}.Release|Any CPU.Build.0 = Release|Any CPU
		{7E434544-9A0E-4E51-BB2C-4DC89B234346}.Debug|Any CPU.ActiveCfg = Debug|Any CPU
		{7E434544-9A0E-4E51-BB2C-4DC89B234346}.Debug|Any CPU.Build.0 = Debug|Any CPU
		{7E434544-9A0E-4E51-BB2C-4DC89B234346}.Release|Any CPU.ActiveCfg = Release|Any CPU
		{7E434544-9A0E-4E51-BB2C-4DC89B234346}.Release|Any CPU.Build.0 = Release|Any CPU
		{BC9600DB-0C71-41AF-ADBE-27CA9A5E5D9E}.Debug|Any CPU.ActiveCfg = Debug|Any CPU
		{BC9600DB-0C71-41AF-ADBE-27CA9A5E5D9E}.Debug|Any CPU.Build.0 = Debug|Any CPU
		{BC9600DB-0C71-41AF-ADBE-27CA9A5E5D9E}.Release|Any CPU.ActiveCfg = Release|Any CPU
		{BC9600DB-0C71-41AF-ADBE-27CA9A5E5D9E}.Release|Any CPU.Build.0 = Release|Any CPU
	EndGlobalSection
	GlobalSection(SolutionProperties) = preSolution
		HideSolutionNode = FALSE
	EndGlobalSection
	GlobalSection(ExtensibilityGlobals) = postSolution
		SolutionGuid = {8F6138FF-AAF3-436C-B339-D46E5F330680}
	EndGlobalSection
EndGlobal
